
Microsoft Visual Studio Solution File, Format Version 12.00
# Visual Studio Version 17
VisualStudioVersion = 17.8.34330.188
MinimumVisualStudioVersion = 10.0.40219.1
Project("{9A19103F-16F7-4668-BE54-9A1E7A4F7556}") = "skUnit.Tests", "skUnit.Tests\skUnit.Tests.csproj", "{95226A5C-7DAE-4E01-9D8F-BF72CB099997}"
EndProject
Project("{9A19103F-16F7-4668-BE54-9A1E7A4F7556}") = "skUnit", "skUnit\skUnit.csproj", "{DE389751-76D9-40F4-A26F-857A98A8A789}"
EndProject
Project("{2150E333-8FDC-42A3-9474-1A3956D46DE8}") = "Solution Items", "Solution Items", "{8EC462FD-D22E-90A8-E5CE-7E832BA40C5D}"
	ProjectSection(SolutionItems) = preProject
		..\README.md = ..\README.md
	EndProjectSection
EndProject
Global
	GlobalSection(SolutionConfigurationPlatforms) = preSolution
		Debug|Any CPU = Debug|Any CPU
		Release|Any CPU = Release|Any CPU
	EndGlobalSection
	GlobalSection(ProjectConfigurationPlatforms) = postSolution
		{95226A5C-7DAE-4E01-9D8F-BF72CB099997}.Debug|Any CPU.ActiveCfg = Debug|Any CPU
		{95226A5C-7DAE-4E01-9D8F-BF72CB099997}.Debug|Any CPU.Build.0 = Debug|Any CPU
		{95226A5C-7DAE-4E01-9D8F-BF72CB099997}.Release|Any CPU.ActiveCfg = Release|Any CPU
		{95226A5C-7DAE-4E01-9D8F-BF72CB099997}.Release|Any CPU.Build.0 = Release|Any CPU
		{DE389751-76D9-40F4-A26F-857A98A8A789}.Debug|Any CPU.ActiveCfg = Debug|Any CPU
		{DE389751-76D9-40F4-A26F-857A98A8A789}.Debug|Any CPU.Build.0 = Debug|Any CPU
		{DE389751-76D9-40F4-A26F-857A98A8A789}.Release|Any CPU.ActiveCfg = Release|Any CPU
		{DE389751-76D9-40F4-A26F-857A98A8A789}.Release|Any CPU.Build.0 = Release|Any CPU
	EndGlobalSection
	GlobalSection(SolutionProperties) = preSolution
		HideSolutionNode = FALSE
	EndGlobalSection
	GlobalSection(ExtensibilityGlobals) = postSolution
		SolutionGuid = {85299F2E-0B5C-4248-9E83-F3BF272898A5}
	EndGlobalSection
EndGlobal
